github.com/errorhandler/golang-lru v0.0.0-20220318211911-857b3134b316 h1:05M6XfP4EaWYT9ZvFBVJ3STng/YBcf72K7+ixVgArZM=
github.com/errorhandler/golang-lru v0.0.0-20220318211911-857b3134b316/go.mod h1:TiLSanAQEQcoFH9Hc2Igf9lYGErPrHzYLFQPCGfit+g=
github.com/patrickmn/go-cache v2.1.0+incompatible h1:HRMgzkcYKYpi3C8ajMPV8OFXaaRUnok+kx1WdO15EQc=
github.com/patrickmn/go-cache v2.1.0+incompatible/go.mod h1:3Qf8kWWT7OJRJbdiICTKqZju1ZixQ/KpMGzzAfe6+WQ=
